
Microsoft Visual Studio Solution File, Format Version 12.00
# Visual Studio Version 16
VisualStudioVersion = 16.0.31313.79
MinimumVisualStudioVersion = 10.0.40219.1
Project("{9A19103F-16F7-4668-BE54-9A1E7A4F7556}") = "Micros.Funny.Service", "Services\Micros.Funny.Service\Micros.Funny.Service.csproj", "{FF63BE84-6FA4-43E4-805B-BFE3EAC7815F}"
EndProject
Project("{E53339B2-1760-4266-BCC7-CA923CBCF16C}") = "docker-compose", "docker-compose.dcproj", "{6FD4A917-AEAB-41F6-BD58-57E1DB712240}"
EndProject
Global
	GlobalSection(SolutionConfigurationPlatforms) = preSolution
		Debug|Any CPU = Debug|Any CPU
		Release|Any CPU = Release|Any CPU
	EndGlobalSection
	GlobalSection(ProjectConfigurationPlatforms) = postSolution
		{FF63BE84-6FA4-43E4-805B-BFE3EAC7815F}.Debug|Any CPU.ActiveCfg = Debug|Any CPU
		{FF63BE84-6FA4-43E4-805B-BFE3EAC7815F}.Debug|Any CPU.Build.0 = Debug|Any CPU
		{FF63BE84-6FA4-43E4-805B-BFE3EAC7815F}.Release|Any CPU.ActiveCfg = Release|Any CPU
		{FF63BE84-6FA4-43E4-805B-BFE3EAC7815F}.Release|Any CPU.Build.0 = Release|Any CPU
		{6FD4A917-AEAB-41F6-BD58-57E1DB712240}.Debug|Any CPU.ActiveCfg = Debug|Any CPU
		{6FD4A917-AEAB-41F6-BD58-57E1DB712240}.Debug|Any CPU.Build.0 = Debug|Any CPU
		{6FD4A917-AEAB-41F6-BD58-57E1DB712240}.Release|Any CPU.ActiveCfg = Release|Any CPU
		{6FD4A917-AEAB-41F6-BD58-57E1DB712240}.Release|Any CPU.Build.0 = Release|Any CPU
	EndGlobalSection
	GlobalSection(SolutionProperties) = preSolution
		HideSolutionNode = FALSE
	EndGlobalSection
	GlobalSection(ExtensibilityGlobals) = postSolution
		SolutionGuid = {A884A606-EA72-47F8-A4AC-8C314ADF4974}
	EndGlobalSection
EndGlobal
